
Microsoft Visual Studio Solution File, Format Version 12.00
# Visual Studio Version 17
VisualStudioVersion = 17.13.35913.81 d17.13
MinimumVisualStudioVersion = 10.0.40219.1
Project("{FAE04EC0-301F-11D3-BF4B-00C04F79EFBC}") = "kolija kalkulaator", "kolija kalkulaator.csproj", "{F255E765-E41A-454B-A1CC-44340BF8609E}"
EndProject
Global
	GlobalSection(SolutionConfigurationPlatforms) = preSolution
		Debug|Any CPU = Debug|Any CPU
		Release|Any CPU = Release|Any CPU
	EndGlobalSection
	GlobalSection(ProjectConfigurationPlatforms) = postSolution
		{F255E765-E41A-454B-A1CC-44340BF8609E}.Debug|Any CPU.ActiveCfg = Debug|Any CPU
		{F255E765-E41A-454B-A1CC-44340BF8609E}.Debug|Any CPU.Build.0 = Debug|Any CPU
		{F255E765-E41A-454B-A1CC-44340BF8609E}.Release|Any CPU.ActiveCfg = Release|Any CPU
		{F255E765-E41A-454B-A1CC-44340BF8609E}.Release|Any CPU.Build.0 = Release|Any CPU
	EndGlobalSection
	GlobalSection(SolutionProperties) = preSolution
		HideSolutionNode = FALSE
	EndGlobalSection
	GlobalSection(ExtensibilityGlobals) = postSolution
		SolutionGuid = {8DBA5D49-2E12-4338-8929-489381977D42}
	EndGlobalSection
EndGlobal
